
Microsoft Visual Studio Solution File, Format Version 12.00
# Visual Studio Version 17
VisualStudioVersion = 17.9.34723.18
MinimumVisualStudioVersion = 10.0.40219.1
Project("{FAE04EC0-301F-11D3-BF4B-00C04F79EFBC}") = "HkNetLib", "HkNetLib\HkNetLib.csproj", "{10A8BD58-B923-4BA3-8976-2ADF48059A31}"
EndProject
Project("{FAE04EC0-301F-11D3-BF4B-00C04F79EFBC}") = "HkNetLibTest", "HkNetLibTest\HkNetLibTest.csproj", "{A567690D-1E1C-42ED-84F8-4F5AD2767656}"
EndProject
Global
	GlobalSection(SolutionConfigurationPlatforms) = preSolution
		Debug|Any CPU = Debug|Any CPU
		Release|Any CPU = Release|Any CPU
	EndGlobalSection
	GlobalSection(ProjectConfigurationPlatforms) = postSolution
		{10A8BD58-B923-4BA3-8976-2ADF48059A31}.Debug|Any CPU.ActiveCfg = Debug|Any CPU
		{10A8BD58-B923-4BA3-8976-2ADF48059A31}.Debug|Any CPU.Build.0 = Debug|Any CPU
		{10A8BD58-B923-4BA3-8976-2ADF48059A31}.Release|Any CPU.ActiveCfg = Release|Any CPU
		{10A8BD58-B923-4BA3-8976-2ADF48059A31}.Release|Any CPU.Build.0 = Release|Any CPU
		{A567690D-1E1C-42ED-84F8-4F5AD2767656}.Debug|Any CPU.ActiveCfg = Debug|Any CPU
		{A567690D-1E1C-42ED-84F8-4F5AD2767656}.Debug|Any CPU.Build.0 = Debug|Any CPU
		{A567690D-1E1C-42ED-84F8-4F5AD2767656}.Release|Any CPU.ActiveCfg = Release|Any CPU
		{A567690D-1E1C-42ED-84F8-4F5AD2767656}.Release|Any CPU.Build.0 = Release|Any CPU
	EndGlobalSection
	GlobalSection(SolutionProperties) = preSolution
		HideSolutionNode = FALSE
	EndGlobalSection
EndGlobal
